
Microsoft Visual Studio Solution File, Format Version 12.00
# Visual Studio Version 17
VisualStudioVersion = 17.0.31919.166
MinimumVisualStudioVersion = 10.0.40219.1
Project("{9A19103F-16F7-4668-BE54-9A1E7A4F7556}") = "NetAtlas_The_True_Project", "NetAtlas_The_True_Project.csproj", "{6258F613-B6BE-421B-BC46-55DBBB1F4984}"
EndProject
Global
	GlobalSection(SolutionConfigurationPlatforms) = preSolution
		Debug|Any CPU = Debug|Any CPU
		Release|Any CPU = Release|Any CPU
	EndGlobalSection
	GlobalSection(ProjectConfigurationPlatforms) = postSolution
		{6258F613-B6BE-421B-BC46-55DBBB1F4984}.Debug|Any CPU.ActiveCfg = Debug|Any CPU
		{6258F613-B6BE-421B-BC46-55DBBB1F4984}.Debug|Any CPU.Build.0 = Debug|Any CPU
		{6258F613-B6BE-421B-BC46-55DBBB1F4984}.Release|Any CPU.ActiveCfg = Release|Any CPU
		{6258F613-B6BE-421B-BC46-55DBBB1F4984}.Release|Any CPU.Build.0 = Release|Any CPU
	EndGlobalSection
	GlobalSection(SolutionProperties) = preSolution
		HideSolutionNode = FALSE
	EndGlobalSection
	GlobalSection(ExtensibilityGlobals) = postSolution
		SolutionGuid = {23BD01E5-551E-446D-B716-0656A409F1B9}
	EndGlobalSection
EndGlobal
